
Microsoft Visual Studio Solution File, Format Version 12.00
# Visual Studio Version 17
VisualStudioVersion = 17.7.34024.191
MinimumVisualStudioVersion = 10.0.40219.1
Project("{FAE04EC0-301F-11D3-BF4B-00C04F79EFBC}") = "QuizSceltaMultipla_Mazzoleni", "QuizSceltaMultipla_Mazzoleni\QuizSceltaMultipla_Mazzoleni.csproj", "{4A6EF0A6-1597-4B47-845F-017E2FE6F41F}"
EndProject
Global
	GlobalSection(SolutionConfigurationPlatforms) = preSolution
		Debug|Any CPU = Debug|Any CPU
		Release|Any CPU = Release|Any CPU
	EndGlobalSection
	GlobalSection(ProjectConfigurationPlatforms) = postSolution
		{4A6EF0A6-1597-4B47-845F-017E2FE6F41F}.Debug|Any CPU.ActiveCfg = Debug|Any CPU
		{4A6EF0A6-1597-4B47-845F-017E2FE6F41F}.Debug|Any CPU.Build.0 = Debug|Any CPU
		{4A6EF0A6-1597-4B47-845F-017E2FE6F41F}.Release|Any CPU.ActiveCfg = Release|Any CPU
		{4A6EF0A6-1597-4B47-845F-017E2FE6F41F}.Release|Any CPU.Build.0 = Release|Any CPU
	EndGlobalSection
	GlobalSection(SolutionProperties) = preSolution
		HideSolutionNode = FALSE
	EndGlobalSection
	GlobalSection(ExtensibilityGlobals) = postSolution
		SolutionGuid = {9C7CCE3A-EBDE-4DA8-A7CD-439FAB7EC7FB}
	EndGlobalSection
EndGlobal
